{
  "nodes": {
    "fenix": {
      "inputs": {
        "nixpkgs": [
          "nixpkgs"
        ],
        "rust-analyzer-src": "rust-analyzer-src"
      },
      "locked": {
        "lastModified": 1709965418,
        "narHash": "sha256-xsKCrFDU6rU3oIqMP3IbuAGiJvsVeBTRqZvwN1p1q4c=",
        "owner": "nix-community",
        "repo": "fenix",
        "rev": "24002092be13b2efe87700229d143b0d1eaa5d12",
        "type": "github"
      },
      "original": {
        "owner": "nix-community",
        "repo": "fenix",
        "type": "github"
      }
    },
    "nixpkgs": {
      "locked": {
        "lastModified": 1697851979,
        "narHash": "sha256-lJ8k4qkkwdvi+t/Xc6Fn74kUuobpu9ynPGxNZR6OwoA=",
        "rev": "5550a85a087c04ddcace7f892b0bdc9d8bb080c8",
        "revCount": 491812,
        "type": "tarball",
        "url": "https://api.flakehub.com/f/pinned/NixOS/nixpkgs/0.2305.491812%2Brev-5550a85a087c04ddcace7f892b0bdc9d8bb080c8/018b5820-fc13-76a2-8a7e-6c13ab5931ad/source.tar.gz"
      },
      "original": {
        "type": "tarball",
        "url": "https://flakehub.com/f/NixOS/nixpkgs/0.2305.491812.tar.gz"
      }
    },
    "root": {
      "inputs": {
        "fenix": "fenix",
        "nixpkgs": "nixpkgs"
      }
    },
    "rust-analyzer-src": {
      "flake": false,
      "locked": {
        "lastModified": 1709904211,
        "narHash": "sha256-Vv29QP5eIn9ZEapQzXHqwhjm46sddetiZScTWY0/dlA=",
        "owner": "rust-lang",
        "repo": "rust-analyzer",
        "rev": "2397e7a887252aa995d3790164b34b6c76ed94b4",
        "type": "github"
      },
      "original": {
        "owner": "rust-lang",
        "ref": "nightly",
        "repo": "rust-analyzer",
        "type": "github"
      }
    }
  },
  "root": "root",
  "version": 7
}
